// !$*UTF8*$!
{
	archiveVersion = 1;
	classes = {
	};
	objectVersion = 50;
	objects = {

/* Begin PBXBuildFile section */
		B793944A2274DFA200B519AF /* NetworkRequest.swift in Sources */ = {isa = PBXBuildFile; fileRef = B79394492274DFA200B519AF /* NetworkRequest.swift */; };
		B7D6B9E42273907C008647C2 /* AppDelegate.swift in Sources */ = {isa = PBXBuildFile; fileRef = B7D6B9E32273907C008647C2 /* AppDelegate.swift */; };
		B7D6B9E62273907C008647C2 /* ViewController.swift in Sources */ = {isa = PBXBuildFile; fileRef = B7D6B9E52273907C008647C2 /* ViewController.swift */; };
		B7D6B9E92273907C008647C2 /* Main.storyboard in Resources */ = {isa = PBXBuildFile; fileRef = B7D6B9E72273907C008647C2 /* Main.storyboard */; };
		B7D6B9EB2273907D008647C2 /* Assets.xcassets in Resources */ = {isa = PBXBuildFile; fileRef = B7D6B9EA2273907D008647C2 /* Assets.xcassets */; };
		B7D6B9EE2273907D008647C2 /* LaunchScreen.storyboard in Resources */ = {isa = PBXBuildFile; fileRef = B7D6B9EC2273907D008647C2 /* LaunchScreen.storyboard */; };
		B7D6B9F92273907D008647C2 /* FlickrSampleAppTests.swift in Sources */ = {isa = PBXBuildFile; fileRef = B7D6B9F82273907D008647C2 /* FlickrSampleAppTests.swift */; };
		B7D6BA072274365D008647C2 /* NetworkProviderInterface.swift in Sources */ = {isa = PBXBuildFile; fileRef = B7D6BA062274365D008647C2 /* NetworkProviderInterface.swift */; };
		B7D6BA0922743698008647C2 /* URLSession+NetworkProviderInterface.swift in Sources */ = {isa = PBXBuildFile; fileRef = B7D6BA0822743698008647C2 /* URLSession+NetworkProviderInterface.swift */; };
		B7D6BA0C22743720008647C2 /* HTTPMethod.swift in Sources */ = {isa = PBXBuildFile; fileRef = B7D6BA0B22743720008647C2 /* HTTPMethod.swift */; };
		B7D6BA0F2274696A008647C2 /* Localizable.strings in Resources */ = {isa = PBXBuildFile; fileRef = B7D6BA0E2274696A008647C2 /* Localizable.strings */; };
		B7D6BA13227469DC008647C2 /* String+Localizable.swift in Sources */ = {isa = PBXBuildFile; fileRef = B7D6BA12227469DC008647C2 /* String+Localizable.swift */; };
		B7D6BA1F227477F7008647C2 /* FlickrNetworkClient.swift in Sources */ = {isa = PBXBuildFile; fileRef = B7D6BA1E227477F7008647C2 /* FlickrNetworkClient.swift */; };
		B7D6BA21227477FF008647C2 /* FlickrNetworkClientInterface.swift in Sources */ = {isa = PBXBuildFile; fileRef = B7D6BA20227477FF008647C2 /* FlickrNetworkClientInterface.swift */; };
		B7D6BA242274782F008647C2 /* NetworkClientInterface.swift in Sources */ = {isa = PBXBuildFile; fileRef = B7D6BA232274782F008647C2 /* NetworkClientInterface.swift */; };
		B7D6BA2622749388008647C2 /* Queryable.swift in Sources */ = {isa = PBXBuildFile; fileRef = B7D6BA2522749388008647C2 /* Queryable.swift */; };
		B7D6BA29227496E6008647C2 /* NetworkError.swift in Sources */ = {isa = PBXBuildFile; fileRef = B7D6BA28227496E6008647C2 /* NetworkError.swift */; };
		B7D6BA2B22749C35008647C2 /* ApiMethod.swift in Sources */ = {isa = PBXBuildFile; fileRef = B7D6BA2A22749C35008647C2 /* ApiMethod.swift */; };
		B7D6BA2D22749E5E008647C2 /* NetworkClientConfiguration.swift in Sources */ = {isa = PBXBuildFile; fileRef = B7D6BA2C22749E5E008647C2 /* NetworkClientConfiguration.swift */; };
		B7D6BA2F22749FC3008647C2 /* FlickrMethod.swift in Sources */ = {isa = PBXBuildFile; fileRef = B7D6BA2E22749FC3008647C2 /* FlickrMethod.swift */; };
		B7D6BA362274A6DF008647C2 /* Bundle+Variables.swift in Sources */ = {isa = PBXBuildFile; fileRef = B7D6BA352274A6DF008647C2 /* Bundle+Variables.swift */; };
/* End PBXBuildFile section */

/* Begin PBXContainerItemProxy section */
		B7D6B9F52273907D008647C2 /* PBXContainerItemProxy */ = {
			isa = PBXContainerItemProxy;
			containerPortal = B7D6B9D82273907C008647C2 /* Project object */;
			proxyType = 1;
			remoteGlobalIDString = B7D6B9DF2273907C008647C2;
			remoteInfo = FlickrSampleApp;
		};
/* End PBXContainerItemProxy section */

/* Begin PBXFileReference section */
		B79394492274DFA200B519AF /* NetworkRequest.swift */ = {isa = PBXFileReference; lastKnownFileType = sourcecode.swift; path = NetworkRequest.swift; sourceTree = "<group>"; };
		B7D6B9E02273907C008647C2 /* FlickrSampleApp.app */ = {isa = PBXFileReference; explicitFileType = wrapper.application; includeInIndex = 0; path = FlickrSampleApp.app; sourceTree = BUILT_PRODUCTS_DIR; };
		B7D6B9E32273907C008647C2 /* AppDelegate.swift */ = {isa = PBXFileReference; lastKnownFileType = sourcecode.swift; path = AppDelegate.swift; sourceTree = "<group>"; };
		B7D6B9E52273907C008647C2 /* ViewController.swift */ = {isa = PBXFileReference; lastKnownFileType = sourcecode.swift; path = ViewController.swift; sourceTree = "<group>"; };
		B7D6B9E82273907C008647C2 /* Base */ = {isa = PBXFileReference; lastKnownFileType = file.storyboard; name = Base; path = Base.lproj/Main.storyboard; sourceTree = "<group>"; };
		B7D6B9EA2273907D008647C2 /* Assets.xcassets */ = {isa = PBXFileReference; lastKnownFileType = folder.assetcatalog; path = Assets.xcassets; sourceTree = "<group>"; };
		B7D6B9ED2273907D008647C2 /* Base */ = {isa = PBXFileReference; lastKnownFileType = file.storyboard; name = Base; path = Base.lproj/LaunchScreen.storyboard; sourceTree = "<group>"; };
		B7D6B9EF2273907D008647C2 /* Info.plist */ = {isa = PBXFileReference; lastKnownFileType = text.plist.xml; path = Info.plist; sourceTree = "<group>"; };
		B7D6B9F42273907D008647C2 /* FlickrSampleAppTests.xctest */ = {isa = PBXFileReference; explicitFileType = wrapper.cfbundle; includeInIndex = 0; path = FlickrSampleAppTests.xctest; sourceTree = BUILT_PRODUCTS_DIR; };
		B7D6B9F82273907D008647C2 /* FlickrSampleAppTests.swift */ = {isa = PBXFileReference; lastKnownFileType = sourcecode.swift; path = FlickrSampleAppTests.swift; sourceTree = "<group>"; };
		B7D6B9FA2273907D008647C2 /* Info.plist */ = {isa = PBXFileReference; lastKnownFileType = text.plist.xml; path = Info.plist; sourceTree = "<group>"; };
		B7D6BA062274365D008647C2 /* NetworkProviderInterface.swift */ = {isa = PBXFileReference; lastKnownFileType = sourcecode.swift; path = NetworkProviderInterface.swift; sourceTree = "<group>"; };
		B7D6BA0822743698008647C2 /* URLSession+NetworkProviderInterface.swift */ = {isa = PBXFileReference; lastKnownFileType = sourcecode.swift; path = "URLSession+NetworkProviderInterface.swift"; sourceTree = "<group>"; };
		B7D6BA0B22743720008647C2 /* HTTPMethod.swift */ = {isa = PBXFileReference; lastKnownFileType = sourcecode.swift; path = HTTPMethod.swift; sourceTree = "<group>"; };
		B7D6BA0E2274696A008647C2 /* Localizable.strings */ = {isa = PBXFileReference; lastKnownFileType = text.plist.strings; path = Localizable.strings; sourceTree = "<group>"; };
		B7D6BA12227469DC008647C2 /* String+Localizable.swift */ = {isa = PBXFileReference; lastKnownFileType = sourcecode.swift; path = "String+Localizable.swift"; sourceTree = "<group>"; };
		B7D6BA1E227477F7008647C2 /* FlickrNetworkClient.swift */ = {isa = PBXFileReference; lastKnownFileType = sourcecode.swift; path = FlickrNetworkClient.swift; sourceTree = "<group>"; };
		B7D6BA20227477FF008647C2 /* FlickrNetworkClientInterface.swift */ = {isa = PBXFileReference; lastKnownFileType = sourcecode.swift; path = FlickrNetworkClientInterface.swift; sourceTree = "<group>"; };
		B7D6BA232274782F008647C2 /* NetworkClientInterface.swift */ = {isa = PBXFileReference; lastKnownFileType = sourcecode.swift; path = NetworkClientInterface.swift; sourceTree = "<group>"; };
		B7D6BA2522749388008647C2 /* Queryable.swift */ = {isa = PBXFileReference; lastKnownFileType = sourcecode.swift; path = Queryable.swift; sourceTree = "<group>"; };
		B7D6BA28227496E6008647C2 /* NetworkError.swift */ = {isa = PBXFileReference; lastKnownFileType = sourcecode.swift; path = NetworkError.swift; sourceTree = "<group>"; };
		B7D6BA2A22749C35008647C2 /* ApiMethod.swift */ = {isa = PBXFileReference; lastKnownFileType = sourcecode.swift; path = ApiMethod.swift; sourceTree = "<group>"; };
		B7D6BA2C22749E5E008647C2 /* NetworkClientConfiguration.swift */ = {isa = PBXFileReference; lastKnownFileType = sourcecode.swift; path = NetworkClientConfiguration.swift; sourceTree = "<group>"; };
		B7D6BA2E22749FC3008647C2 /* FlickrMethod.swift */ = {isa = PBXFileReference; lastKnownFileType = sourcecode.swift; path = FlickrMethod.swift; sourceTree = "<group>"; };
		B7D6BA332274A515008647C2 /* Release.xcconfig */ = {isa = PBXFileReference; lastKnownFileType = text.xcconfig; path = Release.xcconfig; sourceTree = "<group>"; };
		B7D6BA352274A6DF008647C2 /* Bundle+Variables.swift */ = {isa = PBXFileReference; lastKnownFileType = sourcecode.swift; path = "Bundle+Variables.swift"; sourceTree = "<group>"; };
/* End PBXFileReference section */

/* Begin PBXFrameworksBuildPhase section */
		B7D6B9DD2273907C008647C2 /* Frameworks */ = {
			isa = PBXFrameworksBuildPhase;
			buildActionMask = 2147483647;
			files = (
			);
			runOnlyForDeploymentPostprocessing = 0;
		};
		B7D6B9F12273907D008647C2 /* Frameworks */ = {
			isa = PBXFrameworksBuildPhase;
			buildActionMask = 2147483647;
			files = (
			);
			runOnlyForDeploymentPostprocessing = 0;
		};
/* End PBXFrameworksBuildPhase section */

/* Begin PBXGroup section */
		B7D6B9D72273907C008647C2 = {
			isa = PBXGroup;
			children = (
				B7D6B9E22273907C008647C2 /* FlickrSampleApp */,
				B7D6B9F72273907D008647C2 /* FlickrSampleAppTests */,
				B7D6B9E12273907C008647C2 /* Products */,
			);
			sourceTree = "<group>";
		};
		B7D6B9E12273907C008647C2 /* Products */ = {
			isa = PBXGroup;
			children = (
				B7D6B9E02273907C008647C2 /* FlickrSampleApp.app */,
				B7D6B9F42273907D008647C2 /* FlickrSampleAppTests.xctest */,
			);
			name = Products;
			sourceTree = "<group>";
		};
		B7D6B9E22273907C008647C2 /* FlickrSampleApp */ = {
			isa = PBXGroup;
			children = (
				B7D6BA10227469C9008647C2 /* Auxiliary */,
				B7D6BA0D2274386D008647C2 /* Resourses */,
				B7D6BA03227434AF008647C2 /* Services */,
				B7D6B9E32273907C008647C2 /* AppDelegate.swift */,
				B7D6B9E52273907C008647C2 /* ViewController.swift */,
				B7D6B9E72273907C008647C2 /* Main.storyboard */,
				B7D6B9EA2273907D008647C2 /* Assets.xcassets */,
				B7D6B9EC2273907D008647C2 /* LaunchScreen.storyboard */,
				B7D6B9EF2273907D008647C2 /* Info.plist */,
			);
			path = FlickrSampleApp;
			sourceTree = "<group>";
		};
		B7D6B9F72273907D008647C2 /* FlickrSampleAppTests */ = {
			isa = PBXGroup;
			children = (
				B7D6B9F82273907D008647C2 /* FlickrSampleAppTests.swift */,
				B7D6B9FA2273907D008647C2 /* Info.plist */,
			);
			path = FlickrSampleAppTests;
			sourceTree = "<group>";
		};
		B7D6BA03227434AF008647C2 /* Services */ = {
			isa = PBXGroup;
			children = (
				B7D6BA04227434B5008647C2 /* Network */,
			);
			path = Services;
			sourceTree = "<group>";
		};
		B7D6BA04227434B5008647C2 /* Network */ = {
			isa = PBXGroup;
			children = (
				B7D6BA27227496B1008647C2 /* Auxiliary */,
				B7D6BA2222747810008647C2 /* NetworkClient */,
				B7D6BA1C227477C1008647C2 /* FlickrNetworkClient */,
				B7D6BA0522743652008647C2 /* NetworkProvider */,
			);
			path = Network;
			sourceTree = "<group>";
		};
		B7D6BA0522743652008647C2 /* NetworkProvider */ = {
			isa = PBXGroup;
			children = (
				B7D6BA062274365D008647C2 /* NetworkProviderInterface.swift */,
				B7D6BA0822743698008647C2 /* URLSession+NetworkProviderInterface.swift */,
			);
			path = NetworkProvider;
			sourceTree = "<group>";
		};
		B7D6BA0D2274386D008647C2 /* Resourses */ = {
			isa = PBXGroup;
			children = (
				B7D6BA0E2274696A008647C2 /* Localizable.strings */,
				B7D6BA332274A515008647C2 /* Release.xcconfig */,
			);
			path = Resourses;
			sourceTree = "<group>";
		};
		B7D6BA10227469C9008647C2 /* Auxiliary */ = {
			isa = PBXGroup;
			children = (
				B7D6BA11227469CF008647C2 /* Foundation */,
			);
			path = Auxiliary;
			sourceTree = "<group>";
		};
		B7D6BA11227469CF008647C2 /* Foundation */ = {
			isa = PBXGroup;
			children = (
				B7D6BA12227469DC008647C2 /* String+Localizable.swift */,
				B7D6BA352274A6DF008647C2 /* Bundle+Variables.swift */,
			);
			path = Foundation;
			sourceTree = "<group>";
		};
		B7D6BA1C227477C1008647C2 /* FlickrNetworkClient */ = {
			isa = PBXGroup;
			children = (
				B7D6BA1E227477F7008647C2 /* FlickrNetworkClient.swift */,
				B7D6BA20227477FF008647C2 /* FlickrNetworkClientInterface.swift */,
				B7D6BA2E22749FC3008647C2 /* FlickrMethod.swift */,
			);
			path = FlickrNetworkClient;
			sourceTree = "<group>";
		};
		B7D6BA2222747810008647C2 /* NetworkClient */ = {
			isa = PBXGroup;
			children = (
				B7D6BA232274782F008647C2 /* NetworkClientInterface.swift */,
				B7D6BA2C22749E5E008647C2 /* NetworkClientConfiguration.swift */,
			);
			path = NetworkClient;
			sourceTree = "<group>";
		};
		B7D6BA27227496B1008647C2 /* Auxiliary */ = {
			isa = PBXGroup;
			children = (
				B7D6BA2522749388008647C2 /* Queryable.swift */,
				B7D6BA0B22743720008647C2 /* HTTPMethod.swift */,
				B7D6BA28227496E6008647C2 /* NetworkError.swift */,
				B7D6BA2A22749C35008647C2 /* ApiMethod.swift */,
				B79394492274DFA200B519AF /* NetworkRequest.swift */,
			);
			path = Auxiliary;
			sourceTree = "<group>";
		};
/* End PBXGroup section */

/* Begin PBXNativeTarget section */
		B7D6B9DF2273907C008647C2 /* FlickrSampleApp */ = {
			isa = PBXNativeTarget;
			buildConfigurationList = B7D6B9FD2273907D008647C2 /* Build configuration list for PBXNativeTarget "FlickrSampleApp" */;
			buildPhases = (
				B7D6B9DC2273907C008647C2 /* Sources */,
				B7D6B9DD2273907C008647C2 /* Frameworks */,
				B7D6B9DE2273907C008647C2 /* Resources */,
			);
			buildRules = (
			);
			dependencies = (
			);
			name = FlickrSampleApp;
			productName = FlickrSampleApp;
			productReference = B7D6B9E02273907C008647C2 /* FlickrSampleApp.app */;
			productType = "com.apple.product-type.application";
		};
		B7D6B9F32273907D008647C2 /* FlickrSampleAppTests */ = {
			isa = PBXNativeTarget;
			buildConfigurationList = B7D6BA002273907D008647C2 /* Build configuration list for PBXNativeTarget "FlickrSampleAppTests" */;
			buildPhases = (
				B7D6B9F02273907D008647C2 /* Sources */,
				B7D6B9F12273907D008647C2 /* Frameworks */,
				B7D6B9F22273907D008647C2 /* Resources */,
			);
			buildRules = (
			);
			dependencies = (
				B7D6B9F62273907D008647C2 /* PBXTargetDependency */,
			);
			name = FlickrSampleAppTests;
			productName = FlickrSampleAppTests;
			productReference = B7D6B9F42273907D008647C2 /* FlickrSampleAppTests.xctest */;
			productType = "com.apple.product-type.bundle.unit-test";
		};
/* End PBXNativeTarget section */

/* Begin PBXProject section */
		B7D6B9D82273907C008647C2 /* Project object */ = {
			isa = PBXProject;
			attributes = {
				LastSwiftUpdateCheck = 1020;
				LastUpgradeCheck = 1020;
				ORGANIZATIONNAME = akuzminskyi;
				TargetAttributes = {
					B7D6B9DF2273907C008647C2 = {
						CreatedOnToolsVersion = 10.2.1;
					};
					B7D6B9F32273907D008647C2 = {
						CreatedOnToolsVersion = 10.2.1;
						TestTargetID = B7D6B9DF2273907C008647C2;
					};
				};
			};
			buildConfigurationList = B7D6B9DB2273907C008647C2 /* Build configuration list for PBXProject "FlickrSampleApp" */;
			compatibilityVersion = "Xcode 9.3";
			developmentRegion = en;
			hasScannedForEncodings = 0;
			knownRegions = (
				en,
				Base,
			);
			mainGroup = B7D6B9D72273907C008647C2;
			productRefGroup = B7D6B9E12273907C008647C2 /* Products */;
			projectDirPath = "";
			projectRoot = "";
			targets = (
				B7D6B9DF2273907C008647C2 /* FlickrSampleApp */,
				B7D6B9F32273907D008647C2 /* FlickrSampleAppTests */,
			);
		};
/* End PBXProject section */

/* Begin PBXResourcesBuildPhase section */
		B7D6B9DE2273907C008647C2 /* Resources */ = {
			isa = PBXResourcesBuildPhase;
			buildActionMask = 2147483647;
			files = (
				B7D6B9EE2273907D008647C2 /* LaunchScreen.storyboard in Resources */,
				B7D6BA0F2274696A008647C2 /* Localizable.strings in Resources */,
				B7D6B9EB2273907D008647C2 /* Assets.xcassets in Resources */,
				B7D6B9E92273907C008647C2 /* Main.storyboard in Resources */,
			);
			runOnlyForDeploymentPostprocessing = 0;
		};
		B7D6B9F22273907D008647C2 /* Resources */ = {
			isa = PBXResourcesBuildPhase;
			buildActionMask = 2147483647;
			files = (
			);
			runOnlyForDeploymentPostprocessing = 0;
		};
/* End PBXResourcesBuildPhase section */

/* Begin PBXSourcesBuildPhase section */
		B7D6B9DC2273907C008647C2 /* Sources */ = {
			isa = PBXSourcesBuildPhase;
			buildActionMask = 2147483647;
			files = (
				B7D6BA2D22749E5E008647C2 /* NetworkClientConfiguration.swift in Sources */,
				B7D6BA2622749388008647C2 /* Queryable.swift in Sources */,
				B793944A2274DFA200B519AF /* NetworkRequest.swift in Sources */,
				B7D6BA0922743698008647C2 /* URLSession+NetworkProviderInterface.swift in Sources */,
				B7D6BA362274A6DF008647C2 /* Bundle+Variables.swift in Sources */,
				B7D6BA242274782F008647C2 /* NetworkClientInterface.swift in Sources */,
				B7D6BA1F227477F7008647C2 /* FlickrNetworkClient.swift in Sources */,
				B7D6BA21227477FF008647C2 /* FlickrNetworkClientInterface.swift in Sources */,
				B7D6BA2B22749C35008647C2 /* ApiMethod.swift in Sources */,
				B7D6BA072274365D008647C2 /* NetworkProviderInterface.swift in Sources */,
				B7D6B9E62273907C008647C2 /* ViewController.swift in Sources */,
				B7D6BA2F22749FC3008647C2 /* FlickrMethod.swift in Sources */,
				B7D6BA0C22743720008647C2 /* HTTPMethod.swift in Sources */,
				B7D6B9E42273907C008647C2 /* AppDelegate.swift in Sources */,
				B7D6BA29227496E6008647C2 /* NetworkError.swift in Sources */,
				B7D6BA13227469DC008647C2 /* String+Localizable.swift in Sources */,
			);
			runOnlyForDeploymentPostprocessing = 0;
		};
		B7D6B9F02273907D008647C2 /* Sources */ = {
			isa = PBXSourcesBuildPhase;
			buildActionMask = 2147483647;
			files = (
				B7D6B9F92273907D008647C2 /* FlickrSampleAppTests.swift in Sources */,
			);
			runOnlyForDeploymentPostprocessing = 0;
		};
/* End PBXSourcesBuildPhase section */

/* Begin PBXTargetDependency section */
		B7D6B9F62273907D008647C2 /* PBXTargetDependency */ = {
			isa = PBXTargetDependency;
			target = B7D6B9DF2273907C008647C2 /* FlickrSampleApp */;
			targetProxy = B7D6B9F52273907D008647C2 /* PBXContainerItemProxy */;
		};
/* End PBXTargetDependency section */

/* Begin PBXVariantGroup section */
		B7D6B9E72273907C008647C2 /* Main.storyboard */ = {
			isa = PBXVariantGroup;
			children = (
				B7D6B9E82273907C008647C2 /* Base */,
			);
			name = Main.storyboard;
			sourceTree = "<group>";
		};
		B7D6B9EC2273907D008647C2 /* LaunchScreen.storyboard */ = {
			isa = PBXVariantGroup;
			children = (
				B7D6B9ED2273907D008647C2 /* Base */,
			);
			name = LaunchScreen.storyboard;
			sourceTree = "<group>";
		};
/* End PBXVariantGroup section */

/* Begin XCBuildConfiguration section */
		B7D6B9FB2273907D008647C2 /* Debug */ = {
			isa = XCBuildConfiguration;
			baseConfigurationReference = B7D6BA332274A515008647C2 /* Release.xcconfig */;
			buildSettings = {
				ALWAYS_SEARCH_USER_PATHS = NO;
				CLANG_ANALYZER_NONNULL = YES;
				CLANG_ANALYZER_NUMBER_OBJECT_CONVERSION = YES_AGGRESSIVE;
				CLANG_CXX_LANGUAGE_STANDARD = "gnu++14";
				CLANG_CXX_LIBRARY = "libc++";
				CLANG_ENABLE_MODULES = YES;
				CLANG_ENABLE_OBJC_ARC = YES;
				CLANG_ENABLE_OBJC_WEAK = YES;
				CLANG_WARN_BLOCK_CAPTURE_AUTORELEASING = YES;
				CLANG_WARN_BOOL_CONVERSION = YES;
				CLANG_WARN_COMMA = YES;
				CLANG_WARN_CONSTANT_CONVERSION = YES;
				CLANG_WARN_DEPRECATED_OBJC_IMPLEMENTATIONS = YES;
				CLANG_WARN_DIRECT_OBJC_ISA_USAGE = YES_ERROR;
				CLANG_WARN_DOCUMENTATION_COMMENTS = YES;
				CLANG_WARN_EMPTY_BODY = YES;
				CLANG_WARN_ENUM_CONVERSION = YES;
				CLANG_WARN_INFINITE_RECURSION = YES;
				CLANG_WARN_INT_CONVERSION = YES;
				CLANG_WARN_NON_LITERAL_NULL_CONVERSION = YES;
				CLANG_WARN_OBJC_IMPLICIT_RETAIN_SELF = YES;
				CLANG_WARN_OBJC_LITERAL_CONVERSION = YES;
				CLANG_WARN_OBJC_ROOT_CLASS = YES_ERROR;
				CLANG_WARN_RANGE_LOOP_ANALYSIS = YES;
				CLANG_WARN_STRICT_PROTOTYPES = YES;
				CLANG_WARN_SUSPICIOUS_MOVE = YES;
				CLANG_WARN_UNGUARDED_AVAILABILITY = YES_AGGRESSIVE;
				CLANG_WARN_UNREACHABLE_CODE = YES;
				CLANG_WARN__DUPLICATE_METHOD_MATCH = YES;
				CODE_SIGN_IDENTITY = "iPhone Developer";
				COPY_PHASE_STRIP = NO;
				DEBUG_INFORMATION_FORMAT = dwarf;
				ENABLE_STRICT_OBJC_MSGSEND = YES;
				ENABLE_TESTABILITY = YES;
				GCC_C_LANGUAGE_STANDARD = gnu11;
				GCC_DYNAMIC_NO_PIC = NO;
				GCC_NO_COMMON_BLOCKS = YES;
				GCC_OPTIMIZATION_LEVEL = 0;
				GCC_PREPROCESSOR_DEFINITIONS = (
					"DEBUG=1",
					"$(inherited)",
				);
				GCC_WARN_64_TO_32_BIT_CONVERSION = YES;
				GCC_WARN_ABOUT_RETURN_TYPE = YES_ERROR;
				GCC_WARN_UNDECLARED_SELECTOR = YES;
				GCC_WARN_UNINITIALIZED_AUTOS = YES_AGGRESSIVE;
				GCC_WARN_UNUSED_FUNCTION = YES;
				GCC_WARN_UNUSED_VARIABLE = YES;
				IPHONEOS_DEPLOYMENT_TARGET = 10.0;
				MTL_ENABLE_DEBUG_INFO = INCLUDE_SOURCE;
				MTL_FAST_MATH = YES;
				ONLY_ACTIVE_ARCH = YES;
				SDKROOT = iphoneos;
				SWIFT_ACTIVE_COMPILATION_CONDITIONS = DEBUG;
				SWIFT_OPTIMIZATION_LEVEL = "-Onone";
			};
			name = Debug;
		};
		B7D6B9FC2273907D008647C2 /* Release */ = {
			isa = XCBuildConfiguration;
			baseConfigurationReference = B7D6BA332274A515008647C2 /* Release.xcconfig */;
			buildSettings = {
				ALWAYS_SEARCH_USER_PATHS = NO;
				CLANG_ANALYZER_NONNULL = YES;
				CLANG_ANALYZER_NUMBER_OBJECT_CONVERSION = YES_AGGRESSIVE;
				CLANG_CXX_LANGUAGE_STANDARD = "gnu++14";
				CLANG_CXX_LIBRARY = "libc++";
				CLANG_ENABLE_MODULES = YES;
				CLANG_ENABLE_OBJC_ARC = YES;
				CLANG_ENABLE_OBJC_WEAK = YES;
				CLANG_WARN_BLOCK_CAPTURE_AUTORELEASING = YES;
				CLANG_WARN_BOOL_CONVERSION = YES;
				CLANG_WARN_COMMA = YES;
				CLANG_WARN_CONSTANT_CONVERSION = YES;
				CLANG_WARN_DEPRECATED_OBJC_IMPLEMENTATIONS = YES;
				CLANG_WARN_DIRECT_OBJC_ISA_USAGE = YES_ERROR;
				CLANG_WARN_DOCUMENTATION_COMMENTS = YES;
				CLANG_WARN_EMPTY_BODY = YES;
				CLANG_WARN_ENUM_CONVERSION = YES;
				CLANG_WARN_INFINITE_RECURSION = YES;
				CLANG_WARN_INT_CONVERSION = YES;
				CLANG_WARN_NON_LITERAL_NULL_CONVERSION = YES;
				CLANG_WARN_OBJC_IMPLICIT_RETAIN_SELF = YES;
				CLANG_WARN_OBJC_LITERAL_CONVERSION = YES;
				CLANG_WARN_OBJC_ROOT_CLASS = YES_ERROR;
				CLANG_WARN_RANGE_LOOP_ANALYSIS = YES;
				CLANG_WARN_STRICT_PROTOTYPES = YES;
				CLANG_WARN_SUSPICIOUS_MOVE = YES;
				CLANG_WARN_UNGUARDED_AVAILABILITY = YES_AGGRESSIVE;
				CLANG_WARN_UNREACHABLE_CODE = YES;
				CLANG_WARN__DUPLICATE_METHOD_MATCH = YES;
				CODE_SIGN_IDENTITY = "iPhone Developer";
				COPY_PHASE_STRIP = NO;
				DEBUG_INFORMATION_FORMAT = "dwarf-with-dsym";
				ENABLE_NS_ASSERTIONS = NO;
				ENABLE_STRICT_OBJC_MSGSEND = YES;
				GCC_C_LANGUAGE_STANDARD = gnu11;
				GCC_NO_COMMON_BLOCKS = YES;
				GCC_WARN_64_TO_32_BIT_CONVERSION = YES;
				GCC_WARN_ABOUT_RETURN_TYPE = YES_ERROR;
				GCC_WARN_UNDECLARED_SELECTOR = YES;
				GCC_WARN_UNINITIALIZED_AUTOS = YES_AGGRESSIVE;
				GCC_WARN_UNUSED_FUNCTION = YES;
				GCC_WARN_UNUSED_VARIABLE = YES;
				IPHONEOS_DEPLOYMENT_TARGET = 10.0;
				MTL_ENABLE_DEBUG_INFO = NO;
				MTL_FAST_MATH = YES;
				SDKROOT = iphoneos;
				SWIFT_COMPILATION_MODE = wholemodule;
				SWIFT_OPTIMIZATION_LEVEL = "-O";
				VALIDATE_PRODUCT = YES;
			};
			name = Release;
		};
		B7D6B9FE2273907D008647C2 /* Debug */ = {
			isa = XCBuildConfiguration;
			baseConfigurationReference = B7D6BA332274A515008647C2 /* Release.xcconfig */;
			buildSettings = {
				ASSETCATALOG_COMPILER_APPICON_NAME = AppIcon;
				CODE_SIGN_STYLE = Automatic;
				DEVELOPMENT_TEAM = H2M6RZ43DE;
				INFOPLIST_FILE = FlickrSampleApp/Info.plist;
				IPHONEOS_DEPLOYMENT_TARGET = 10.0;
				LD_RUNPATH_SEARCH_PATHS = (
					"$(inherited)",
					"@executable_path/Frameworks",
				);
				PRODUCT_BUNDLE_IDENTIFIER = akuzminskyi.FlickrSampleApp;
				PRODUCT_NAME = "$(TARGET_NAME)";
				SWIFT_VERSION = 5.0;
				TARGETED_DEVICE_FAMILY = "1,2";
			};
			name = Debug;
		};
		B7D6B9FF2273907D008647C2 /* Release */ = {
			isa = XCBuildConfiguration;
			baseConfigurationReference = B7D6BA332274A515008647C2 /* Release.xcconfig */;
			buildSettings = {
				ASSETCATALOG_COMPILER_APPICON_NAME = AppIcon;
				CODE_SIGN_STYLE = Automatic;
				DEVELOPMENT_TEAM = H2M6RZ43DE;
				INFOPLIST_FILE = FlickrSampleApp/Info.plist;
				IPHONEOS_DEPLOYMENT_TARGET = 10.0;
				LD_RUNPATH_SEARCH_PATHS = (
					"$(inherited)",
					"@executable_path/Frameworks",
				);
				PRODUCT_BUNDLE_IDENTIFIER = akuzminskyi.FlickrSampleApp;
				PRODUCT_NAME = "$(TARGET_NAME)";
				SWIFT_VERSION = 5.0;
				TARGETED_DEVICE_FAMILY = "1,2";
			};
			name = Release;
		};
		B7D6BA012273907D008647C2 /* Debug */ = {
			isa = XCBuildConfiguration;
			baseConfigurationReference = B7D6BA332274A515008647C2 /* Release.xcconfig */;
			buildSettings = {
				ALWAYS_EMBED_SWIFT_STANDARD_LIBRARIES = YES;
				BUNDLE_LOADER = "$(TEST_HOST)";
				CODE_SIGN_STYLE = Automatic;
				DEVELOPMENT_TEAM = H2M6RZ43DE;
				INFOPLIST_FILE = FlickrSampleAppTests/Info.plist;
				LD_RUNPATH_SEARCH_PATHS = (
					"$(inherited)",
					"@executable_path/Frameworks",
					"@loader_path/Frameworks",
				);
				PRODUCT_BUNDLE_IDENTIFIER = akuzminskyi.FlickrSampleAppTests;
				PRODUCT_NAME = "$(TARGET_NAME)";
				SWIFT_VERSION = 5.0;
				TARGETED_DEVICE_FAMILY = "1,2";
				TEST_HOST = "$(BUILT_PRODUCTS_DIR)/FlickrSampleApp.app/FlickrSampleApp";
			};
			name = Debug;
		};
		B7D6BA022273907D008647C2 /* Release */ = {
			isa = XCBuildConfiguration;
			baseConfigurationReference = B7D6BA332274A515008647C2 /* Release.xcconfig */;
			buildSettings = {
				ALWAYS_EMBED_SWIFT_STANDARD_LIBRARIES = YES;
				BUNDLE_LOADER = "$(TEST_HOST)";
				CODE_SIGN_STYLE = Automatic;
				DEVELOPMENT_TEAM = H2M6RZ43DE;
				INFOPLIST_FILE = FlickrSampleAppTests/Info.plist;
				LD_RUNPATH_SEARCH_PATHS = (
					"$(inherited)",
					"@executable_path/Frameworks",
					"@loader_path/Frameworks",
				);
				PRODUCT_BUNDLE_IDENTIFIER = akuzminskyi.FlickrSampleAppTests;
				PRODUCT_NAME = "$(TARGET_NAME)";
				SWIFT_VERSION = 5.0;
				TARGETED_DEVICE_FAMILY = "1,2";
				TEST_HOST = "$(BUILT_PRODUCTS_DIR)/FlickrSampleApp.app/FlickrSampleApp";
			};
			name = Release;
		};
/* End XCBuildConfiguration section */

/* Begin XCConfigurationList section */
		B7D6B9DB2273907C008647C2 /* Build configuration list for PBXProject "FlickrSampleApp" */ = {
			isa = XCConfigurationList;
			buildConfigurations = (
				B7D6B9FB2273907D008647C2 /* Debug */,
				B7D6B9FC2273907D008647C2 /* Release */,
			);
			defaultConfigurationIsVisible = 0;
			defaultConfigurationName = Release;
		};
		B7D6B9FD2273907D008647C2 /* Build configuration list for PBXNativeTarget "FlickrSampleApp" */ = {
			isa = XCConfigurationList;
			buildConfigurations = (
				B7D6B9FE2273907D008647C2 /* Debug */,
				B7D6B9FF2273907D008647C2 /* Release */,
			);
			defaultConfigurationIsVisible = 0;
			defaultConfigurationName = Release;
		};
		B7D6BA002273907D008647C2 /* Build configuration list for PBXNativeTarget "FlickrSampleAppTests" */ = {
			isa = XCConfigurationList;
			buildConfigurations = (
				B7D6BA012273907D008647C2 /* Debug */,
				B7D6BA022273907D008647C2 /* Release */,
			);
			defaultConfigurationIsVisible = 0;
			defaultConfigurationName = Release;
		};
/* End XCConfigurationList section */
	};
	rootObject = B7D6B9D82273907C008647C2 /* Project object */;
}
